// !$*UTF8*$!
{
	archiveVersion = 1;
	classes = {
	};
	objectVersion = 50;
	objects = {

/* Begin PBXBuildFile section */
		DAB6A8AF24DDE5B6007F8749 /* AppDelegate.swift in Sources */ = {isa = PBXBuildFile; fileRef = DAB6A8AE24DDE5B6007F8749 /* AppDelegate.swift */; };
		DAB6A8B124DDE5B6007F8749 /* SceneDelegate.swift in Sources */ = {isa = PBXBuildFile; fileRef = DAB6A8B024DDE5B6007F8749 /* SceneDelegate.swift */; };
		DAB6A8B324DDE5B6007F8749 /* ViewController.swift in Sources */ = {isa = PBXBuildFile; fileRef = DAB6A8B224DDE5B6007F8749 /* ViewController.swift */; };
		DAB6A8B624DDE5B6007F8749 /* Main.storyboard in Resources */ = {isa = PBXBuildFile; fileRef = DAB6A8B424DDE5B6007F8749 /* Main.storyboard */; };
		DAB6A8B824DDE5B8007F8749 /* Assets.xcassets in Resources */ = {isa = PBXBuildFile; fileRef = DAB6A8B724DDE5B8007F8749 /* Assets.xcassets */; };
		DAB6A8BB24DDE5B8007F8749 /* LaunchScreen.storyboard in Resources */ = {isa = PBXBuildFile; fileRef = DAB6A8B924DDE5B8007F8749 /* LaunchScreen.storyboard */; };
/* End PBXBuildFile section */

/* Begin PBXFileReference section */
		DAB6A8AB24DDE5B6007F8749 /* iOSYoutubeOneDay.app */ = {isa = PBXFileReference; explicitFileType = wrapper.application; includeInIndex = 0; path = iOSYoutubeOneDay.app; sourceTree = BUILT_PRODUCTS_DIR; };
		DAB6A8AE24DDE5B6007F8749 /* AppDelegate.swift */ = {isa = PBXFileReference; lastKnownFileType = sourcecode.swift; path = AppDelegate.swift; sourceTree = "<group>"; };
		DAB6A8B024DDE5B6007F8749 /* SceneDelegate.swift */ = {isa = PBXFileReference; lastKnownFileType = sourcecode.swift; path = SceneDelegate.swift; sourceTree = "<group>"; };
		DAB6A8B224DDE5B6007F8749 /* ViewController.swift */ = {isa = PBXFileReference; lastKnownFileType = sourcecode.swift; path = ViewController.swift; sourceTree = "<group>"; };
		DAB6A8B524DDE5B6007F8749 /* Base */ = {isa = PBXFileReference; lastKnownFileType = file.storyboard; name = Base; path = Base.lproj/Main.storyboard; sourceTree = "<group>"; };
		DAB6A8B724DDE5B8007F8749 /* Assets.xcassets */ = {isa = PBXFileReference; lastKnownFileType = folder.assetcatalog; path = Assets.xcassets; sourceTree = "<group>"; };
		DAB6A8BA24DDE5B8007F8749 /* Base */ = {isa = PBXFileReference; lastKnownFileType = file.storyboard; name = Base; path = Base.lproj/LaunchScreen.storyboard; sourceTree = "<group>"; };
		DAB6A8BC24DDE5B8007F8749 /* Info.plist */ = {isa = PBXFileReference; lastKnownFileType = text.plist.xml; path = Info.plist; sourceTree = "<group>"; };
/* End PBXFileReference section */

/* Begin PBXFrameworksBuildPhase section */
		DAB6A8A824DDE5B6007F8749 /* Frameworks */ = {
			isa = PBXFrameworksBuildPhase;
			buildActionMask = 2147483647;
			files = (
			);
			runOnlyForDeploymentPostprocessing = 0;
		};
/* End PBXFrameworksBuildPhase section */

/* Begin PBXGroup section */
		DAB6A8A224DDE5B6007F8749 = {
			isa = PBXGroup;
			children = (
				DAB6A8AD24DDE5B6007F8749 /* iOSYoutubeOneDay */,
				DAB6A8AC24DDE5B6007F8749 /* Products */,
			);
			sourceTree = "<group>";
		};
		DAB6A8AC24DDE5B6007F8749 /* Products */ = {
			isa = PBXGroup;
			children = (
				DAB6A8AB24DDE5B6007F8749 /* iOSYoutubeOneDay.app */,
			);
			name = Products;
			sourceTree = "<group>";
		};
		DAB6A8AD24DDE5B6007F8749 /* iOSYoutubeOneDay */ = {
			isa = PBXGroup;
			children = (
				DAB6A8AE24DDE5B6007F8749 /* AppDelegate.swift */,
				DAB6A8B024DDE5B6007F8749 /* SceneDelegate.swift */,
				DAB6A8B224DDE5B6007F8749 /* ViewController.swift */,
				DAB6A8B424DDE5B6007F8749 /* Main.storyboard */,
				DAB6A8B724DDE5B8007F8749 /* Assets.xcassets */,
				DAB6A8B924DDE5B8007F8749 /* LaunchScreen.storyboard */,
				DAB6A8BC24DDE5B8007F8749 /* Info.plist */,
			);
			path = iOSYoutubeOneDay;
			sourceTree = "<group>";
		};
/* End PBXGroup section */

/* Begin PBXNativeTarget section */
		DAB6A8AA24DDE5B6007F8749 /* iOSYoutubeOneDay */ = {
			isa = PBXNativeTarget;
			buildConfigurationList = DAB6A8BF24DDE5B8007F8749 /* Build configuration list for PBXNativeTarget "iOSYoutubeOneDay" */;
			buildPhases = (
				DAB6A8A724DDE5B6007F8749 /* Sources */,
				DAB6A8A824DDE5B6007F8749 /* Frameworks */,
				DAB6A8A924DDE5B6007F8749 /* Resources */,
			);
			buildRules = (
			);
			dependencies = (
			);
			name = iOSYoutubeOneDay;
			productName = iOSYoutubeOneDay;
			productReference = DAB6A8AB24DDE5B6007F8749 /* iOSYoutubeOneDay.app */;
			productType = "com.apple.product-type.application";
		};
/* End PBXNativeTarget section */

/* Begin PBXProject section */
		DAB6A8A324DDE5B6007F8749 /* Project object */ = {
			isa = PBXProject;
			attributes = {
				LastSwiftUpdateCheck = 1150;
				LastUpgradeCheck = 1150;
				ORGANIZATIONNAME = ImamAbdulAzis;
				TargetAttributes = {
					DAB6A8AA24DDE5B6007F8749 = {
						CreatedOnToolsVersion = 11.5;
					};
				};
			};
			buildConfigurationList = DAB6A8A624DDE5B6007F8749 /* Build configuration list for PBXProject "iOSYoutubeOneDay" */;
			compatibilityVersion = "Xcode 9.3";
			developmentRegion = en;
			hasScannedForEncodings = 0;
			knownRegions = (
				en,
				Base,
			);
			mainGroup = DAB6A8A224DDE5B6007F8749;
			productRefGroup = DAB6A8AC24DDE5B6007F8749 /* Products */;
			projectDirPath = "";
			projectRoot = "";
			targets = (
				DAB6A8AA24DDE5B6007F8749 /* iOSYoutubeOneDay */,
			);
		};
/* End PBXProject section */

/* Begin PBXResourcesBuildPhase section */
		DAB6A8A924DDE5B6007F8749 /* Resources */ = {
			isa = PBXResourcesBuildPhase;
			buildActionMask = 2147483647;
			files = (
				DAB6A8BB24DDE5B8007F8749 /* LaunchScreen.storyboard in Resources */,
				DAB6A8B824DDE5B8007F8749 /* Assets.xcassets in Resources */,
				DAB6A8B624DDE5B6007F8749 /* Main.storyboard in Resources */,
			);
			runOnlyForDeploymentPostprocessing = 0;
		};
/* End PBXResourcesBuildPhase section */

/* Begin PBXSourcesBuildPhase section */
		DAB6A8A724DDE5B6007F8749 /* Sources */ = {
			isa = PBXSourcesBuildPhase;
			buildActionMask = 2147483647;
			files = (
				DAB6A8B324DDE5B6007F8749 /* ViewController.swift in Sources */,
				DAB6A8AF24DDE5B6007F8749 /* AppDelegate.swift in Sources */,
				DAB6A8B124DDE5B6007F8749 /* SceneDelegate.swift in Sources */,
			);
			runOnlyForDeploymentPostprocessing = 0;
		};
/* End PBXSourcesBuildPhase section */

/* Begin PBXVariantGroup section */
		DAB6A8B424DDE5B6007F8749 /* Main.storyboard */ = {
			isa = PBXVariantGroup;
			children = (
				DAB6A8B524DDE5B6007F8749 /* Base */,
			);
			name = Main.storyboard;
			sourceTree = "<group>";
		};
		DAB6A8B924DDE5B8007F8749 /* LaunchScreen.storyboard */ = {
			isa = PBXVariantGroup;
			children = (
				DAB6A8BA24DDE5B8007F8749 /* Base */,
			);
			name = LaunchScreen.storyboard;
			sourceTree = "<group>";
		};
/* End PBXVariantGroup section */

/* Begin XCBuildConfiguration section */
		DAB6A8BD24DDE5B8007F8749 /* Debug */ = {
			isa = XCBuildConfiguration;
			buildSettings = {
				ALWAYS_SEARCH_USER_PATHS = NO;
				CLANG_ANALYZER_NONNULL = YES;
				CLANG_ANALYZER_NUMBER_OBJECT_CONVERSION = YES_AGGRESSIVE;
				CLANG_CXX_LANGUAGE_STANDARD = "gnu++14";
				CLANG_CXX_LIBRARY = "libc++";
				CLANG_ENABLE_MODULES = YES;
				CLANG_ENABLE_OBJC_ARC = YES;
				CLANG_ENABLE_OBJC_WEAK = YES;
				CLANG_WARN_BLOCK_CAPTURE_AUTORELEASING = YES;
				CLANG_WARN_BOOL_CONVERSION = YES;
				CLANG_WARN_COMMA = YES;
				CLANG_WARN_CONSTANT_CONVERSION = YES;
				CLANG_WARN_DEPRECATED_OBJC_IMPLEMENTATIONS = YES;
				CLANG_WARN_DIRECT_OBJC_ISA_USAGE = YES_ERROR;
				CLANG_WARN_DOCUMENTATION_COMMENTS = YES;
				CLANG_WARN_EMPTY_BODY = YES;
				CLANG_WARN_ENUM_CONVERSION = YES;
				CLANG_WARN_INFINITE_RECURSION = YES;
				CLANG_WARN_INT_CONVERSION = YES;
				CLANG_WARN_NON_LITERAL_NULL_CONVERSION = YES;
				CLANG_WARN_OBJC_IMPLICIT_RETAIN_SELF = YES;
				CLANG_WARN_OBJC_LITERAL_CONVERSION = YES;
				CLANG_WARN_OBJC_ROOT_CLASS = YES_ERROR;
				CLANG_WARN_RANGE_LOOP_ANALYSIS = YES;
				CLANG_WARN_STRICT_PROTOTYPES = YES;
				CLANG_WARN_SUSPICIOUS_MOVE = YES;
				CLANG_WARN_UNGUARDED_AVAILABILITY = YES_AGGRESSIVE;
				CLANG_WARN_UNREACHABLE_CODE = YES;
				CLANG_WARN__DUPLICATE_METHOD_MATCH = YES;
				COPY_PHASE_STRIP = NO;
				DEBUG_INFORMATION_FORMAT = dwarf;
				ENABLE_STRICT_OBJC_MSGSEND = YES;
				ENABLE_TESTABILITY = YES;
				GCC_C_LANGUAGE_STANDARD = gnu11;
				GCC_DYNAMIC_NO_PIC = NO;
				GCC_NO_COMMON_BLOCKS = YES;
				GCC_OPTIMIZATION_LEVEL = 0;
				GCC_PREPROCESSOR_DEFINITIONS = (
					"DEBUG=1",
					"$(inherited)",
				);
				GCC_WARN_64_TO_32_BIT_CONVERSION = YES;
				GCC_WARN_ABOUT_RETURN_TYPE = YES_ERROR;
				GCC_WARN_UNDECLARED_SELECTOR = YES;
				GCC_WARN_UNINITIALIZED_AUTOS = YES_AGGRESSIVE;
				GCC_WARN_UNUSED_FUNCTION = YES;
				GCC_WARN_UNUSED_VARIABLE = YES;
				IPHONEOS_DEPLOYMENT_TARGET = 13.5;
				MTL_ENABLE_DEBUG_INFO = INCLUDE_SOURCE;
				MTL_FAST_MATH = YES;
				ONLY_ACTIVE_ARCH = YES;
				SDKROOT = iphoneos;
				SWIFT_ACTIVE_COMPILATION_CONDITIONS = DEBUG;
				SWIFT_OPTIMIZATION_LEVEL = "-Onone";
			};
			name = Debug;
		};
		DAB6A8BE24DDE5B8007F8749 /* Release */ = {
			isa = XCBuildConfiguration;
			buildSettings = {
				ALWAYS_SEARCH_USER_PATHS = NO;
				CLANG_ANALYZER_NONNULL = YES;
				CLANG_ANALYZER_NUMBER_OBJECT_CONVERSION = YES_AGGRESSIVE;
				CLANG_CXX_LANGUAGE_STANDARD = "gnu++14";
				CLANG_CXX_LIBRARY = "libc++";
				CLANG_ENABLE_MODULES = YES;
				CLANG_ENABLE_OBJC_ARC = YES;
				CLANG_ENABLE_OBJC_WEAK = YES;
				CLANG_WARN_BLOCK_CAPTURE_AUTORELEASING = YES;
				CLANG_WARN_BOOL_CONVERSION = YES;
				CLANG_WARN_COMMA = YES;
				CLANG_WARN_CONSTANT_CONVERSION = YES;
				CLANG_WARN_DEPRECATED_OBJC_IMPLEMENTATIONS = YES;
				CLANG_WARN_DIRECT_OBJC_ISA_USAGE = YES_ERROR;
				CLANG_WARN_DOCUMENTATION_COMMENTS = YES;
				CLANG_WARN_EMPTY_BODY = YES;
				CLANG_WARN_ENUM_CONVERSION = YES;
				CLANG_WARN_INFINITE_RECURSION = YES;
				CLANG_WARN_INT_CONVERSION = YES;
				CLANG_WARN_NON_LITERAL_NULL_CONVERSION = YES;
				CLANG_WARN_OBJC_IMPLICIT_RETAIN_SELF = YES;
				CLANG_WARN_OBJC_LITERAL_CONVERSION = YES;
				CLANG_WARN_OBJC_ROOT_CLASS = YES_ERROR;
				CLANG_WARN_RANGE_LOOP_ANALYSIS = YES;
				CLANG_WARN_STRICT_PROTOTYPES = YES;
				CLANG_WARN_SUSPICIOUS_MOVE = YES;
				CLANG_WARN_UNGUARDED_AVAILABILITY = YES_AGGRESSIVE;
				CLANG_WARN_UNREACHABLE_CODE = YES;
				CLANG_WARN__DUPLICATE_METHOD_MATCH = YES;
				COPY_PHASE_STRIP = NO;
				DEBUG_INFORMATION_FORMAT = "dwarf-with-dsym";
				ENABLE_NS_ASSERTIONS = NO;
				ENABLE_STRICT_OBJC_MSGSEND = YES;
				GCC_C_LANGUAGE_STANDARD = gnu11;
				GCC_NO_COMMON_BLOCKS = YES;
				GCC_WARN_64_TO_32_BIT_CONVERSION = YES;
				GCC_WARN_ABOUT_RETURN_TYPE = YES_ERROR;
				GCC_WARN_UNDECLARED_SELECTOR = YES;
				GCC_WARN_UNINITIALIZED_AUTOS = YES_AGGRESSIVE;
				GCC_WARN_UNUSED_FUNCTION = YES;
				GCC_WARN_UNUSED_VARIABLE = YES;
				IPHONEOS_DEPLOYMENT_TARGET = 13.5;
				MTL_ENABLE_DEBUG_INFO = NO;
				MTL_FAST_MATH = YES;
				SDKROOT = iphoneos;
				SWIFT_COMPILATION_MODE = wholemodule;
				SWIFT_OPTIMIZATION_LEVEL = "-O";
				VALIDATE_PRODUCT = YES;
			};
			name = Release;
		};
		DAB6A8C024DDE5B8007F8749 /* Debug */ = {
			isa = XCBuildConfiguration;
			buildSettings = {
				ASSETCATALOG_COMPILER_APPICON_NAME = AppIcon;
				CODE_SIGN_STYLE = Automatic;
				INFOPLIST_FILE = iOSYoutubeOneDay/Info.plist;
				LD_RUNPATH_SEARCH_PATHS = (
					"$(inherited)",
					"@executable_path/Frameworks",
				);
				PRODUCT_BUNDLE_IDENTIFIER = com.imun.iOSYoutubeOneDay.iOSYoutubeOneDay;
				PRODUCT_NAME = "$(TARGET_NAME)";
				SWIFT_VERSION = 5.0;
				TARGETED_DEVICE_FAMILY = "1,2";
			};
			name = Debug;
		};
		DAB6A8C124DDE5B8007F8749 /* Release */ = {
			isa = XCBuildConfiguration;
			buildSettings = {
				ASSETCATALOG_COMPILER_APPICON_NAME = AppIcon;
				CODE_SIGN_STYLE = Automatic;
				INFOPLIST_FILE = iOSYoutubeOneDay/Info.plist;
				LD_RUNPATH_SEARCH_PATHS = (
					"$(inherited)",
					"@executable_path/Frameworks",
				);
				PRODUCT_BUNDLE_IDENTIFIER = com.imun.iOSYoutubeOneDay.iOSYoutubeOneDay;
				PRODUCT_NAME = "$(TARGET_NAME)";
				SWIFT_VERSION = 5.0;
				TARGETED_DEVICE_FAMILY = "1,2";
			};
			name = Release;
		};
/* End XCBuildConfiguration section */

/* Begin XCConfigurationList section */
		DAB6A8A624DDE5B6007F8749 /* Build configuration list for PBXProject "iOSYoutubeOneDay" */ = {
			isa = XCConfigurationList;
			buildConfigurations = (
				DAB6A8BD24DDE5B8007F8749 /* Debug */,
				DAB6A8BE24DDE5B8007F8749 /* Release */,
			);
			defaultConfigurationIsVisible = 0;
			defaultConfigurationName = Release;
		};
		DAB6A8BF24DDE5B8007F8749 /* Build configuration list for PBXNativeTarget "iOSYoutubeOneDay" */ = {
			isa = XCConfigurationList;
			buildConfigurations = (
				DAB6A8C024DDE5B8007F8749 /* Debug */,
				DAB6A8C124DDE5B8007F8749 /* Release */,
			);
			defaultConfigurationIsVisible = 0;
			defaultConfigurationName = Release;
		};
/* End XCConfigurationList section */
	};
	rootObject = DAB6A8A324DDE5B6007F8749 /* Project object */;
}
